<?xml version="1.0" encoding="UTF-8" standalone="yes" ?>
<CodeBlocks_project_file>
   <FileVersion major="1" minor="6" />
   <Project>
      <Option title="CSE396_rasp_ali_recogner" />
      <Option makefile_is_custom="1" />
      <Option compiler="gcc" />
      <Option virtualFolders="CMake Files\;CMake Files\..\;CMake Files\..\..\;CMake Files\..\..\..\;CMake Files\..\..\..\..\;CMake Files\..\..\..\..\..\;CMake Files\..\..\..\..\..\usr\;CMake Files\..\..\..\..\..\usr\local\;CMake Files\..\..\..\..\..\usr\local\share\;CMake Files\..\..\..\..\..\usr\local\share\OpenCV\;" />
      <Build>
      <Target title="all">
         <Option working_dir="/home/hmenn/Workspace/CSE396_Proje2/CSE396-rasp-ali-recogner" />
         <Option type="4" />
         <MakeCommands>
            <Build command="/usr/bin/make -f &quot;/home/hmenn/Workspace/CSE396_Proje2/CSE396-rasp-ali-recogner/Makefile&quot;  VERBOSE=1 all" />
            <CompileFile command="/usr/bin/make -f &quot;/home/hmenn/Workspace/CSE396_Proje2/CSE396-rasp-ali-recogner/Makefile&quot;  VERBOSE=1 &quot;$file&quot;" />
            <Clean command="/usr/bin/make -f &quot;/home/hmenn/Workspace/CSE396_Proje2/CSE396-rasp-ali-recogner/Makefile&quot;  VERBOSE=1 clean" />
            <DistClean command="/usr/bin/make -f &quot;/home/hmenn/Workspace/CSE396_Proje2/CSE396-rasp-ali-recogner/Makefile&quot;  VERBOSE=1 clean" />
         </MakeCommands>
      </Target>
      <Target title="edit_cache">
         <Option working_dir="/home/hmenn/Workspace/CSE396_Proje2/CSE396-rasp-ali-recogner" />
         <Option type="4" />
         <MakeCommands>
            <Build command="/usr/bin/make -f &quot;/home/hmenn/Workspace/CSE396_Proje2/CSE396-rasp-ali-recogner/Makefile&quot;  VERBOSE=1 edit_cache" />
            <CompileFile command="/usr/bin/make -f &quot;/home/hmenn/Workspace/CSE396_Proje2/CSE396-rasp-ali-recogner/Makefile&quot;  VERBOSE=1 &quot;$file&quot;" />
            <Clean command="/usr/bin/make -f &quot;/home/hmenn/Workspace/CSE396_Proje2/CSE396-rasp-ali-recogner/Makefile&quot;  VERBOSE=1 clean" />
            <DistClean command="/usr/bin/make -f &quot;/home/hmenn/Workspace/CSE396_Proje2/CSE396-rasp-ali-recogner/Makefile&quot;  VERBOSE=1 clean" />
         </MakeCommands>
      </Target>
      <Target title="rebuild_cache">
         <Option working_dir="/home/hmenn/Workspace/CSE396_Proje2/CSE396-rasp-ali-recogner" />
         <Option type="4" />
         <MakeCommands>
            <Build command="/usr/bin/make -f &quot;/home/hmenn/Workspace/CSE396_Proje2/CSE396-rasp-ali-recogner/Makefile&quot;  VERBOSE=1 rebuild_cache" />
            <CompileFile command="/usr/bin/make -f &quot;/home/hmenn/Workspace/CSE396_Proje2/CSE396-rasp-ali-recogner/Makefile&quot;  VERBOSE=1 &quot;$file&quot;" />
            <Clean command="/usr/bin/make -f &quot;/home/hmenn/Workspace/CSE396_Proje2/CSE396-rasp-ali-recogner/Makefile&quot;  VERBOSE=1 clean" />
            <DistClean command="/usr/bin/make -f &quot;/home/hmenn/Workspace/CSE396_Proje2/CSE396-rasp-ali-recogner/Makefile&quot;  VERBOSE=1 clean" />
         </MakeCommands>
      </Target>
      <Target title="CSE396_rasp_ali_recogner">
         <Option output="/home/hmenn/Workspace/CSE396_Proje2/bin/CSE396_rasp_ali_recogner" prefix_auto="0" extension_auto="0" />
         <Option working_dir="../bin" />
         <Option object_output="./" />
         <Option type="1" />
         <Option compiler="gcc" />
         <Compiler>
            <Add directory="/usr/include" />
            <Add directory="/usr/include/c++/5" />
            <Add directory="/usr/include/c++/5/backward" />
            <Add directory="/usr/include/x86_64-linux-gnu" />
            <Add directory="/usr/include/x86_64-linux-gnu/c++/5" />
            <Add directory="/usr/lib/gcc/x86_64-linux-gnu/5/include" />
            <Add directory="/usr/lib/gcc/x86_64-linux-gnu/5/include-fixed" />
            <Add directory="/usr/local/include" />
            <Add directory="/usr/local/include/opencv" />
         </Compiler>
         <MakeCommands>
            <Build command="/usr/bin/make -f &quot;/home/hmenn/Workspace/CSE396_Proje2/CSE396-rasp-ali-recogner/Makefile&quot;  VERBOSE=1 CSE396_rasp_ali_recogner" />
            <CompileFile command="/usr/bin/make -f &quot;/home/hmenn/Workspace/CSE396_Proje2/CSE396-rasp-ali-recogner/Makefile&quot;  VERBOSE=1 &quot;$file&quot;" />
            <Clean command="/usr/bin/make -f &quot;/home/hmenn/Workspace/CSE396_Proje2/CSE396-rasp-ali-recogner/Makefile&quot;  VERBOSE=1 clean" />
            <DistClean command="/usr/bin/make -f &quot;/home/hmenn/Workspace/CSE396_Proje2/CSE396-rasp-ali-recogner/Makefile&quot;  VERBOSE=1 clean" />
         </MakeCommands>
      </Target>
      <Target title="CSE396_rasp_ali_recogner/fast">
         <Option output="/home/hmenn/Workspace/CSE396_Proje2/bin/CSE396_rasp_ali_recogner" prefix_auto="0" extension_auto="0" />
         <Option working_dir="../bin" />
         <Option object_output="./" />
         <Option type="1" />
         <Option compiler="gcc" />
         <Compiler>
            <Add directory="/usr/include" />
            <Add directory="/usr/include/c++/5" />
            <Add directory="/usr/include/c++/5/backward" />
            <Add directory="/usr/include/x86_64-linux-gnu" />
            <Add directory="/usr/include/x86_64-linux-gnu/c++/5" />
            <Add directory="/usr/lib/gcc/x86_64-linux-gnu/5/include" />
            <Add directory="/usr/lib/gcc/x86_64-linux-gnu/5/include-fixed" />
            <Add directory="/usr/local/include" />
            <Add directory="/usr/local/include/opencv" />
         </Compiler>
         <MakeCommands>
            <Build command="/usr/bin/make -f &quot;/home/hmenn/Workspace/CSE396_Proje2/CSE396-rasp-ali-recogner/Makefile&quot;  VERBOSE=1 CSE396_rasp_ali_recogner/fast" />
            <CompileFile command="/usr/bin/make -f &quot;/home/hmenn/Workspace/CSE396_Proje2/CSE396-rasp-ali-recogner/Makefile&quot;  VERBOSE=1 &quot;$file&quot;" />
            <Clean command="/usr/bin/make -f &quot;/home/hmenn/Workspace/CSE396_Proje2/CSE396-rasp-ali-recogner/Makefile&quot;  VERBOSE=1 clean" />
            <DistClean command="/usr/bin/make -f &quot;/home/hmenn/Workspace/CSE396_Proje2/CSE396-rasp-ali-recogner/Makefile&quot;  VERBOSE=1 clean" />
         </MakeCommands>
      </Target>
      </Build>
      <Unit filename="/home/hmenn/Workspace/CSE396_Proje2/CSE396-rasp-ali-recogner/include/Communication.h">
         <Option target="CSE396_rasp_ali_recogner"/>
      </Unit>
      <Unit filename="/home/hmenn/Workspace/CSE396_Proje2/CSE396-rasp-ali-recogner/include/ProccesImage.h">
         <Option target="CSE396_rasp_ali_recogner"/>
      </Unit>
      <Unit filename="/home/hmenn/Workspace/CSE396_Proje2/CSE396-rasp-ali-recogner/include/rs232.h">
         <Option target="CSE396_rasp_ali_recogner"/>
      </Unit>
      <Unit filename="/home/hmenn/Workspace/CSE396_Proje2/CSE396-rasp-ali-recogner/main.cpp">
         <Option target="CSE396_rasp_ali_recogner"/>
      </Unit>
      <Unit filename="/home/hmenn/Workspace/CSE396_Proje2/CSE396-rasp-ali-recogner/src/Communication.cpp">
         <Option target="CSE396_rasp_ali_recogner"/>
      </Unit>
      <Unit filename="/home/hmenn/Workspace/CSE396_Proje2/CSE396-rasp-ali-recogner/src/ProccesImage.cpp">
         <Option target="CSE396_rasp_ali_recogner"/>
      </Unit>
      <Unit filename="/home/hmenn/Workspace/CSE396_Proje2/CSE396-rasp-ali-recogner/src/rs232.c">
         <Option target="CSE396_rasp_ali_recogner"/>
      </Unit>
      <Unit filename="/home/hmenn/Workspace/CSE396_Proje2/CSE396-rasp-ali-recogner/CMakeLists.txt">
          <Option virtualFolder="CMake Files\" />
      </Unit>
      <Unit filename="/home/hmenn/Workspace/CSE396_Proje2/CSE396-rasp-ali-recogner/../../../../../usr/local/share/OpenCV/OpenCVConfig-version.cmake">
          <Option virtualFolder="CMake Files\..\..\..\..\..\usr\local\share\OpenCV\" />
      </Unit>
      <Unit filename="/home/hmenn/Workspace/CSE396_Proje2/CSE396-rasp-ali-recogner/../../../../../usr/local/share/OpenCV/OpenCVConfig.cmake">
          <Option virtualFolder="CMake Files\..\..\..\..\..\usr\local\share\OpenCV\" />
      </Unit>
      <Unit filename="/home/hmenn/Workspace/CSE396_Proje2/CSE396-rasp-ali-recogner/../../../../../usr/local/share/OpenCV/OpenCVModules.cmake">
          <Option virtualFolder="CMake Files\..\..\..\..\..\usr\local\share\OpenCV\" />
      </Unit>
      <Unit filename="/home/hmenn/Workspace/CSE396_Proje2/CSE396-rasp-ali-recogner/../../../../../usr/local/share/OpenCV/OpenCVModules-release.cmake">
          <Option virtualFolder="CMake Files\..\..\..\..\..\usr\local\share\OpenCV\" />
      </Unit>
   </Project>
</CodeBlocks_project_file>
